
Microsoft Visual Studio Solution File, Format Version 12.00
# Visual Studio 2012
Project("{FAE04EC0-301F-11D3-BF4B-00C04F79EFBC}") = "ConvertManyDeployReportsToCSV", "ConsoleApplication1\ConvertManyDeployReportsToCSV.csproj", "{9B740CC9-67C2-4B90-8067-A9964CB2F4BB}"
EndProject
Global
	GlobalSection(SolutionConfigurationPlatforms) = preSolution
		Debug|Any CPU = Debug|Any CPU
		Release|Any CPU = Release|Any CPU
	EndGlobalSection
	GlobalSection(ProjectConfigurationPlatforms) = postSolution
		{9B740CC9-67C2-4B90-8067-A9964CB2F4BB}.Debug|Any CPU.ActiveCfg = Debug|Any CPU
		{9B740CC9-67C2-4B90-8067-A9964CB2F4BB}.Debug|Any CPU.Build.0 = Debug|Any CPU
		{9B740CC9-67C2-4B90-8067-A9964CB2F4BB}.Release|Any CPU.ActiveCfg = Release|Any CPU
		{9B740CC9-67C2-4B90-8067-A9964CB2F4BB}.Release|Any CPU.Build.0 = Release|Any CPU
	EndGlobalSection
	GlobalSection(SolutionProperties) = preSolution
		HideSolutionNode = FALSE
	EndGlobalSection
EndGlobal
